// !$*UTF8*$!
{
	archiveVersion = 1;
	classes = {
	};
	objectVersion = 46;
	objects = {

/* Begin PBXBuildFile section */
		8CDEC8F918AF34AB00EBBCD3 /* Foundation.framework in Frameworks */ = {isa = PBXBuildFile; fileRef = 8CDEC8F818AF34AB00EBBCD3 /* Foundation.framework */; };
		8CDEC8FB18AF34AB00EBBCD3 /* CoreGraphics.framework in Frameworks */ = {isa = PBXBuildFile; fileRef = 8CDEC8FA18AF34AB00EBBCD3 /* CoreGraphics.framework */; };
		8CDEC8FD18AF34AB00EBBCD3 /* UIKit.framework in Frameworks */ = {isa = PBXBuildFile; fileRef = 8CDEC8FC18AF34AB00EBBCD3 /* UIKit.framework */; };
		8CDEC90318AF34AB00EBBCD3 /* InfoPlist.strings in Resources */ = {isa = PBXBuildFile; fileRef = 8CDEC90118AF34AB00EBBCD3 /* InfoPlist.strings */; };
		8CDEC90518AF34AB00EBBCD3 /* main.m in Sources */ = {isa = PBXBuildFile; fileRef = 8CDEC90418AF34AB00EBBCD3 /* main.m */; };
		8CDEC90918AF34AB00EBBCD3 /* AppDelegate.m in Sources */ = {isa = PBXBuildFile; fileRef = 8CDEC90818AF34AB00EBBCD3 /* AppDelegate.m */; };
		8CDEC90C18AF34AB00EBBCD3 /* Main.storyboard in Resources */ = {isa = PBXBuildFile; fileRef = 8CDEC90A18AF34AB00EBBCD3 /* Main.storyboard */; };
		8CDEC90F18AF34AB00EBBCD3 /* ViewController.m in Sources */ = {isa = PBXBuildFile; fileRef = 8CDEC90E18AF34AB00EBBCD3 /* ViewController.m */; };
		8CDEC91118AF34AB00EBBCD3 /* Images.xcassets in Resources */ = {isa = PBXBuildFile; fileRef = 8CDEC91018AF34AB00EBBCD3 /* Images.xcassets */; };
		8CDEC91818AF34AB00EBBCD3 /* XCTest.framework in Frameworks */ = {isa = PBXBuildFile; fileRef = 8CDEC91718AF34AB00EBBCD3 /* XCTest.framework */; };
		8CDEC91918AF34AB00EBBCD3 /* Foundation.framework in Frameworks */ = {isa = PBXBuildFile; fileRef = 8CDEC8F818AF34AB00EBBCD3 /* Foundation.framework */; };
		8CDEC91A18AF34AB00EBBCD3 /* UIKit.framework in Frameworks */ = {isa = PBXBuildFile; fileRef = 8CDEC8FC18AF34AB00EBBCD3 /* UIKit.framework */; };
		8CDEC92218AF34AB00EBBCD3 /* InfoPlist.strings in Resources */ = {isa = PBXBuildFile; fileRef = 8CDEC92018AF34AB00EBBCD3 /* InfoPlist.strings */; };
		8CDEC92418AF34AB00EBBCD3 /* overlayTests.m in Sources */ = {isa = PBXBuildFile; fileRef = 8CDEC92318AF34AB00EBBCD3 /* overlayTests.m */; };
		8CDEC92E18AF34D100EBBCD3 /* MultipeerConnectivity.framework in Frameworks */ = {isa = PBXBuildFile; fileRef = 8CDEC92D18AF34D100EBBCD3 /* MultipeerConnectivity.framework */; };
		8CDEC93618AF375900EBBCD3 /* MCSend.m in Sources */ = {isa = PBXBuildFile; fileRef = 8CDEC93518AF375900EBBCD3 /* MCSend.m */; };
/* End PBXBuildFile section */

/* Begin PBXContainerItemProxy section */
		8CDEC91B18AF34AB00EBBCD3 /* PBXContainerItemProxy */ = {
			isa = PBXContainerItemProxy;
			containerPortal = 8CDEC8ED18AF34AB00EBBCD3 /* Project object */;
			proxyType = 1;
			remoteGlobalIDString = 8CDEC8F418AF34AB00EBBCD3;
			remoteInfo = overlay;
		};
/* End PBXContainerItemProxy section */

/* Begin PBXFileReference section */
		8CDEC8F518AF34AB00EBBCD3 /* overlay.app */ = {isa = PBXFileReference; explicitFileType = wrapper.application; includeInIndex = 0; path = overlay.app; sourceTree = BUILT_PRODUCTS_DIR; };
		8CDEC8F818AF34AB00EBBCD3 /* Foundation.framework */ = {isa = PBXFileReference; lastKnownFileType = wrapper.framework; name = Foundation.framework; path = System/Library/Frameworks/Foundation.framework; sourceTree = SDKROOT; };
		8CDEC8FA18AF34AB00EBBCD3 /* CoreGraphics.framework */ = {isa = PBXFileReference; lastKnownFileType = wrapper.framework; name = CoreGraphics.framework; path = System/Library/Frameworks/CoreGraphics.framework; sourceTree = SDKROOT; };
		8CDEC8FC18AF34AB00EBBCD3 /* UIKit.framework */ = {isa = PBXFileReference; lastKnownFileType = wrapper.framework; name = UIKit.framework; path = System/Library/Frameworks/UIKit.framework; sourceTree = SDKROOT; };
		8CDEC90018AF34AB00EBBCD3 /* overlay-Info.plist */ = {isa = PBXFileReference; lastKnownFileType = text.plist.xml; path = "overlay-Info.plist"; sourceTree = "<group>"; };
		8CDEC90218AF34AB00EBBCD3 /* en */ = {isa = PBXFileReference; lastKnownFileType = text.plist.strings; name = en; path = en.lproj/InfoPlist.strings; sourceTree = "<group>"; };
		8CDEC90418AF34AB00EBBCD3 /* main.m */ = {isa = PBXFileReference; lastKnownFileType = sourcecode.c.objc; path = main.m; sourceTree = "<group>"; };
		8CDEC90618AF34AB00EBBCD3 /* overlay-Prefix.pch */ = {isa = PBXFileReference; lastKnownFileType = sourcecode.c.h; path = "overlay-Prefix.pch"; sourceTree = "<group>"; };
		8CDEC90718AF34AB00EBBCD3 /* AppDelegate.h */ = {isa = PBXFileReference; lastKnownFileType = sourcecode.c.h; path = AppDelegate.h; sourceTree = "<group>"; };
		8CDEC90818AF34AB00EBBCD3 /* AppDelegate.m */ = {isa = PBXFileReference; lastKnownFileType = sourcecode.c.objc; path = AppDelegate.m; sourceTree = "<group>"; };
		8CDEC90B18AF34AB00EBBCD3 /* Base */ = {isa = PBXFileReference; lastKnownFileType = file.storyboard; name = Base; path = Base.lproj/Main.storyboard; sourceTree = "<group>"; };
		8CDEC90D18AF34AB00EBBCD3 /* ViewController.h */ = {isa = PBXFileReference; lastKnownFileType = sourcecode.c.h; path = ViewController.h; sourceTree = "<group>"; };
		8CDEC90E18AF34AB00EBBCD3 /* ViewController.m */ = {isa = PBXFileReference; lastKnownFileType = sourcecode.c.objc; path = ViewController.m; sourceTree = "<group>"; };
		8CDEC91018AF34AB00EBBCD3 /* Images.xcassets */ = {isa = PBXFileReference; lastKnownFileType = folder.assetcatalog; path = Images.xcassets; sourceTree = "<group>"; };
		8CDEC91618AF34AB00EBBCD3 /* overlayTests.xctest */ = {isa = PBXFileReference; explicitFileType = wrapper.cfbundle; includeInIndex = 0; path = overlayTests.xctest; sourceTree = BUILT_PRODUCTS_DIR; };
		8CDEC91718AF34AB00EBBCD3 /* XCTest.framework */ = {isa = PBXFileReference; lastKnownFileType = wrapper.framework; name = XCTest.framework; path = Library/Frameworks/XCTest.framework; sourceTree = DEVELOPER_DIR; };
		8CDEC91F18AF34AB00EBBCD3 /* overlayTests-Info.plist */ = {isa = PBXFileReference; lastKnownFileType = text.plist.xml; path = "overlayTests-Info.plist"; sourceTree = "<group>"; };
		8CDEC92118AF34AB00EBBCD3 /* en */ = {isa = PBXFileReference; lastKnownFileType = text.plist.strings; name = en; path = en.lproj/InfoPlist.strings; sourceTree = "<group>"; };
		8CDEC92318AF34AB00EBBCD3 /* overlayTests.m */ = {isa = PBXFileReference; lastKnownFileType = sourcecode.c.objc; path = overlayTests.m; sourceTree = "<group>"; };
		8CDEC92D18AF34D100EBBCD3 /* MultipeerConnectivity.framework */ = {isa = PBXFileReference; lastKnownFileType = wrapper.framework; name = MultipeerConnectivity.framework; path = System/Library/Frameworks/MultipeerConnectivity.framework; sourceTree = SDKROOT; };
		8CDEC93418AF375900EBBCD3 /* MCSend.h */ = {isa = PBXFileReference; fileEncoding = 4; lastKnownFileType = sourcecode.c.h; name = MCSend.h; path = overlay/MCSend.h; sourceTree = "<group>"; };
		8CDEC93518AF375900EBBCD3 /* MCSend.m */ = {isa = PBXFileReference; fileEncoding = 4; lastKnownFileType = sourcecode.c.objc; name = MCSend.m; path = overlay/MCSend.m; sourceTree = "<group>"; };
/* End PBXFileReference section */

/* Begin PBXFrameworksBuildPhase section */
		8CDEC8F218AF34AB00EBBCD3 /* Frameworks */ = {
			isa = PBXFrameworksBuildPhase;
			buildActionMask = 2147483647;
			files = (
				8CDEC92E18AF34D100EBBCD3 /* MultipeerConnectivity.framework in Frameworks */,
				8CDEC8FB18AF34AB00EBBCD3 /* CoreGraphics.framework in Frameworks */,
				8CDEC8FD18AF34AB00EBBCD3 /* UIKit.framework in Frameworks */,
				8CDEC8F918AF34AB00EBBCD3 /* Foundation.framework in Frameworks */,
			);
			runOnlyForDeploymentPostprocessing = 0;
		};
		8CDEC91318AF34AB00EBBCD3 /* Frameworks */ = {
			isa = PBXFrameworksBuildPhase;
			buildActionMask = 2147483647;
			files = (
				8CDEC91818AF34AB00EBBCD3 /* XCTest.framework in Frameworks */,
				8CDEC91A18AF34AB00EBBCD3 /* UIKit.framework in Frameworks */,
				8CDEC91918AF34AB00EBBCD3 /* Foundation.framework in Frameworks */,
			);
			runOnlyForDeploymentPostprocessing = 0;
		};
/* End PBXFrameworksBuildPhase section */

/* Begin PBXGroup section */
		8CDEC8EC18AF34AB00EBBCD3 = {
			isa = PBXGroup;
			children = (
				8CDEC93418AF375900EBBCD3 /* MCSend.h */,
				8CDEC93518AF375900EBBCD3 /* MCSend.m */,
				8CDEC8FE18AF34AB00EBBCD3 /* overlay */,
				8CDEC91D18AF34AB00EBBCD3 /* overlayTests */,
				8CDEC8F718AF34AB00EBBCD3 /* Frameworks */,
				8CDEC8F618AF34AB00EBBCD3 /* Products */,
			);
			sourceTree = "<group>";
		};
		8CDEC8F618AF34AB00EBBCD3 /* Products */ = {
			isa = PBXGroup;
			children = (
				8CDEC8F518AF34AB00EBBCD3 /* overlay.app */,
				8CDEC91618AF34AB00EBBCD3 /* overlayTests.xctest */,
			);
			name = Products;
			sourceTree = "<group>";
		};
		8CDEC8F718AF34AB00EBBCD3 /* Frameworks */ = {
			isa = PBXGroup;
			children = (
				8CDEC92D18AF34D100EBBCD3 /* MultipeerConnectivity.framework */,
				8CDEC8F818AF34AB00EBBCD3 /* Foundation.framework */,
				8CDEC8FA18AF34AB00EBBCD3 /* CoreGraphics.framework */,
				8CDEC8FC18AF34AB00EBBCD3 /* UIKit.framework */,
				8CDEC91718AF34AB00EBBCD3 /* XCTest.framework */,
			);
			name = Frameworks;
			sourceTree = "<group>";
		};
		8CDEC8FE18AF34AB00EBBCD3 /* overlay */ = {
			isa = PBXGroup;
			children = (
				8CDEC90718AF34AB00EBBCD3 /* AppDelegate.h */,
				8CDEC90818AF34AB00EBBCD3 /* AppDelegate.m */,
				8CDEC90A18AF34AB00EBBCD3 /* Main.storyboard */,
				8CDEC90D18AF34AB00EBBCD3 /* ViewController.h */,
				8CDEC90E18AF34AB00EBBCD3 /* ViewController.m */,
				8CDEC91018AF34AB00EBBCD3 /* Images.xcassets */,
				8CDEC8FF18AF34AB00EBBCD3 /* Supporting Files */,
			);
			path = overlay;
			sourceTree = "<group>";
		};
		8CDEC8FF18AF34AB00EBBCD3 /* Supporting Files */ = {
			isa = PBXGroup;
			children = (
				8CDEC90018AF34AB00EBBCD3 /* overlay-Info.plist */,
				8CDEC90118AF34AB00EBBCD3 /* InfoPlist.strings */,
				8CDEC90418AF34AB00EBBCD3 /* main.m */,
				8CDEC90618AF34AB00EBBCD3 /* overlay-Prefix.pch */,
			);
			name = "Supporting Files";
			sourceTree = "<group>";
		};
		8CDEC91D18AF34AB00EBBCD3 /* overlayTests */ = {
			isa = PBXGroup;
			children = (
				8CDEC92318AF34AB00EBBCD3 /* overlayTests.m */,
				8CDEC91E18AF34AB00EBBCD3 /* Supporting Files */,
			);
			path = overlayTests;
			sourceTree = "<group>";
		};
		8CDEC91E18AF34AB00EBBCD3 /* Supporting Files */ = {
			isa = PBXGroup;
			children = (
				8CDEC91F18AF34AB00EBBCD3 /* overlayTests-Info.plist */,
				8CDEC92018AF34AB00EBBCD3 /* InfoPlist.strings */,
			);
			name = "Supporting Files";
			sourceTree = "<group>";
		};
/* End PBXGroup section */

/* Begin PBXNativeTarget section */
		8CDEC8F418AF34AB00EBBCD3 /* overlay */ = {
			isa = PBXNativeTarget;
			buildConfigurationList = 8CDEC92718AF34AB00EBBCD3 /* Build configuration list for PBXNativeTarget "overlay" */;
			buildPhases = (
				8CDEC8F118AF34AB00EBBCD3 /* Sources */,
				8CDEC8F218AF34AB00EBBCD3 /* Frameworks */,
				8CDEC8F318AF34AB00EBBCD3 /* Resources */,
			);
			buildRules = (
			);
			dependencies = (
			);
			name = overlay;
			productName = overlay;
			productReference = 8CDEC8F518AF34AB00EBBCD3 /* overlay.app */;
			productType = "com.apple.product-type.application";
		};
		8CDEC91518AF34AB00EBBCD3 /* overlayTests */ = {
			isa = PBXNativeTarget;
			buildConfigurationList = 8CDEC92A18AF34AB00EBBCD3 /* Build configuration list for PBXNativeTarget "overlayTests" */;
			buildPhases = (
				8CDEC91218AF34AB00EBBCD3 /* Sources */,
				8CDEC91318AF34AB00EBBCD3 /* Frameworks */,
				8CDEC91418AF34AB00EBBCD3 /* Resources */,
			);
			buildRules = (
			);
			dependencies = (
				8CDEC91C18AF34AB00EBBCD3 /* PBXTargetDependency */,
			);
			name = overlayTests;
			productName = overlayTests;
			productReference = 8CDEC91618AF34AB00EBBCD3 /* overlayTests.xctest */;
			productType = "com.apple.product-type.bundle.unit-test";
		};
/* End PBXNativeTarget section */

/* Begin PBXProject section */
		8CDEC8ED18AF34AB00EBBCD3 /* Project object */ = {
			isa = PBXProject;
			attributes = {
				LastUpgradeCheck = 0500;
				ORGANIZATIONNAME = "-";
				TargetAttributes = {
					8CDEC91518AF34AB00EBBCD3 = {
						TestTargetID = 8CDEC8F418AF34AB00EBBCD3;
					};
				};
			};
			buildConfigurationList = 8CDEC8F018AF34AB00EBBCD3 /* Build configuration list for PBXProject "overlay" */;
			compatibilityVersion = "Xcode 3.2";
			developmentRegion = English;
			hasScannedForEncodings = 0;
			knownRegions = (
				en,
				Base,
			);
			mainGroup = 8CDEC8EC18AF34AB00EBBCD3;
			productRefGroup = 8CDEC8F618AF34AB00EBBCD3 /* Products */;
			projectDirPath = "";
			projectRoot = "";
			targets = (
				8CDEC8F418AF34AB00EBBCD3 /* overlay */,
				8CDEC91518AF34AB00EBBCD3 /* overlayTests */,
			);
		};
/* End PBXProject section */

/* Begin PBXResourcesBuildPhase section */
		8CDEC8F318AF34AB00EBBCD3 /* Resources */ = {
			isa = PBXResourcesBuildPhase;
			buildActionMask = 2147483647;
			files = (
				8CDEC91118AF34AB00EBBCD3 /* Images.xcassets in Resources */,
				8CDEC90318AF34AB00EBBCD3 /* InfoPlist.strings in Resources */,
				8CDEC90C18AF34AB00EBBCD3 /* Main.storyboard in Resources */,
			);
			runOnlyForDeploymentPostprocessing = 0;
		};
		8CDEC91418AF34AB00EBBCD3 /* Resources */ = {
			isa = PBXResourcesBuildPhase;
			buildActionMask = 2147483647;
			files = (
				8CDEC92218AF34AB00EBBCD3 /* InfoPlist.strings in Resources */,
			);
			runOnlyForDeploymentPostprocessing = 0;
		};
/* End PBXResourcesBuildPhase section */

/* Begin PBXSourcesBuildPhase section */
		8CDEC8F118AF34AB00EBBCD3 /* Sources */ = {
			isa = PBXSourcesBuildPhase;
			buildActionMask = 2147483647;
			files = (
				8CDEC90F18AF34AB00EBBCD3 /* ViewController.m in Sources */,
				8CDEC93618AF375900EBBCD3 /* MCSend.m in Sources */,
				8CDEC90918AF34AB00EBBCD3 /* AppDelegate.m in Sources */,
				8CDEC90518AF34AB00EBBCD3 /* main.m in Sources */,
			);
			runOnlyForDeploymentPostprocessing = 0;
		};
		8CDEC91218AF34AB00EBBCD3 /* Sources */ = {
			isa = PBXSourcesBuildPhase;
			buildActionMask = 2147483647;
			files = (
				8CDEC92418AF34AB00EBBCD3 /* overlayTests.m in Sources */,
			);
			runOnlyForDeploymentPostprocessing = 0;
		};
/* End PBXSourcesBuildPhase section */

/* Begin PBXTargetDependency section */
		8CDEC91C18AF34AB00EBBCD3 /* PBXTargetDependency */ = {
			isa = PBXTargetDependency;
			target = 8CDEC8F418AF34AB00EBBCD3 /* overlay */;
			targetProxy = 8CDEC91B18AF34AB00EBBCD3 /* PBXContainerItemProxy */;
		};
/* End PBXTargetDependency section */

/* Begin PBXVariantGroup section */
		8CDEC90118AF34AB00EBBCD3 /* InfoPlist.strings */ = {
			isa = PBXVariantGroup;
			children = (
				8CDEC90218AF34AB00EBBCD3 /* en */,
			);
			name = InfoPlist.strings;
			sourceTree = "<group>";
		};
		8CDEC90A18AF34AB00EBBCD3 /* Main.storyboard */ = {
			isa = PBXVariantGroup;
			children = (
				8CDEC90B18AF34AB00EBBCD3 /* Base */,
			);
			name = Main.storyboard;
			sourceTree = "<group>";
		};
		8CDEC92018AF34AB00EBBCD3 /* InfoPlist.strings */ = {
			isa = PBXVariantGroup;
			children = (
				8CDEC92118AF34AB00EBBCD3 /* en */,
			);
			name = InfoPlist.strings;
			sourceTree = "<group>";
		};
/* End PBXVariantGroup section */

/* Begin XCBuildConfiguration section */
		8CDEC92518AF34AB00EBBCD3 /* Debug */ = {
			isa = XCBuildConfiguration;
			buildSettings = {
				ALWAYS_SEARCH_USER_PATHS = NO;
				ARCHS = "$(ARCHS_STANDARD_INCLUDING_64_BIT)";
				CLANG_CXX_LANGUAGE_STANDARD = "gnu++0x";
				CLANG_CXX_LIBRARY = "libc++";
				CLANG_ENABLE_MODULES = YES;
				CLANG_ENABLE_OBJC_ARC = YES;
				CLANG_WARN_BOOL_CONVERSION = YES;
				CLANG_WARN_CONSTANT_CONVERSION = YES;
				CLANG_WARN_DIRECT_OBJC_ISA_USAGE = YES_ERROR;
				CLANG_WARN_EMPTY_BODY = YES;
				CLANG_WARN_ENUM_CONVERSION = YES;
				CLANG_WARN_INT_CONVERSION = YES;
				CLANG_WARN_OBJC_ROOT_CLASS = YES_ERROR;
				CLANG_WARN__DUPLICATE_METHOD_MATCH = YES;
				"CODE_SIGN_IDENTITY[sdk=iphoneos*]" = "iPhone Developer";
				COPY_PHASE_STRIP = NO;
				GCC_C_LANGUAGE_STANDARD = gnu99;
				GCC_DYNAMIC_NO_PIC = NO;
				GCC_OPTIMIZATION_LEVEL = 0;
				GCC_PREPROCESSOR_DEFINITIONS = (
					"DEBUG=1",
					"$(inherited)",
				);
				GCC_SYMBOLS_PRIVATE_EXTERN = NO;
				GCC_WARN_64_TO_32_BIT_CONVERSION = YES;
				GCC_WARN_ABOUT_RETURN_TYPE = YES_ERROR;
				GCC_WARN_UNDECLARED_SELECTOR = YES;
				GCC_WARN_UNINITIALIZED_AUTOS = YES;
				GCC_WARN_UNUSED_FUNCTION = YES;
				GCC_WARN_UNUSED_VARIABLE = YES;
				IPHONEOS_DEPLOYMENT_TARGET = 7.0;
				ONLY_ACTIVE_ARCH = YES;
				SDKROOT = iphoneos;
			};
			name = Debug;
		};
		8CDEC92618AF34AB00EBBCD3 /* Release */ = {
			isa = XCBuildConfiguration;
			buildSettings = {
				ALWAYS_SEARCH_USER_PATHS = NO;
				ARCHS = "$(ARCHS_STANDARD_INCLUDING_64_BIT)";
				CLANG_CXX_LANGUAGE_STANDARD = "gnu++0x";
				CLANG_CXX_LIBRARY = "libc++";
				CLANG_ENABLE_MODULES = YES;
				CLANG_ENABLE_OBJC_ARC = YES;
				CLANG_WARN_BOOL_CONVERSION = YES;
				CLANG_WARN_CONSTANT_CONVERSION = YES;
				CLANG_WARN_DIRECT_OBJC_ISA_USAGE = YES_ERROR;
				CLANG_WARN_EMPTY_BODY = YES;
				CLANG_WARN_ENUM_CONVERSION = YES;
				CLANG_WARN_INT_CONVERSION = YES;
				CLANG_WARN_OBJC_ROOT_CLASS = YES_ERROR;
				CLANG_WARN__DUPLICATE_METHOD_MATCH = YES;
				"CODE_SIGN_IDENTITY[sdk=iphoneos*]" = "iPhone Developer";
				COPY_PHASE_STRIP = YES;
				ENABLE_NS_ASSERTIONS = NO;
				GCC_C_LANGUAGE_STANDARD = gnu99;
				GCC_WARN_64_TO_32_BIT_CONVERSION = YES;
				GCC_WARN_ABOUT_RETURN_TYPE = YES_ERROR;
				GCC_WARN_UNDECLARED_SELECTOR = YES;
				GCC_WARN_UNINITIALIZED_AUTOS = YES;
				GCC_WARN_UNUSED_FUNCTION = YES;
				GCC_WARN_UNUSED_VARIABLE = YES;
				IPHONEOS_DEPLOYMENT_TARGET = 7.0;
				SDKROOT = iphoneos;
				VALIDATE_PRODUCT = YES;
			};
			name = Release;
		};
		8CDEC92818AF34AB00EBBCD3 /* Debug */ = {
			isa = XCBuildConfiguration;
			buildSettings = {
				ASSETCATALOG_COMPILER_APPICON_NAME = AppIcon;
				ASSETCATALOG_COMPILER_LAUNCHIMAGE_NAME = LaunchImage;
				GCC_PRECOMPILE_PREFIX_HEADER = YES;
				GCC_PREFIX_HEADER = "overlay/overlay-Prefix.pch";
				INFOPLIST_FILE = "overlay/overlay-Info.plist";
				PRODUCT_NAME = "$(TARGET_NAME)";
				WRAPPER_EXTENSION = app;
			};
			name = Debug;
		};
		8CDEC92918AF34AB00EBBCD3 /* Release */ = {
			isa = XCBuildConfiguration;
			buildSettings = {
				ASSETCATALOG_COMPILER_APPICON_NAME = AppIcon;
				ASSETCATALOG_COMPILER_LAUNCHIMAGE_NAME = LaunchImage;
				GCC_PRECOMPILE_PREFIX_HEADER = YES;
				GCC_PREFIX_HEADER = "overlay/overlay-Prefix.pch";
				INFOPLIST_FILE = "overlay/overlay-Info.plist";
				PRODUCT_NAME = "$(TARGET_NAME)";
				WRAPPER_EXTENSION = app;
			};
			name = Release;
		};
		8CDEC92B18AF34AB00EBBCD3 /* Debug */ = {
			isa = XCBuildConfiguration;
			buildSettings = {
				ARCHS = "$(ARCHS_STANDARD_INCLUDING_64_BIT)";
				BUNDLE_LOADER = "$(BUILT_PRODUCTS_DIR)/overlay.app/overlay";
				FRAMEWORK_SEARCH_PATHS = (
					"$(SDKROOT)/Developer/Library/Frameworks",
					"$(inherited)",
					"$(DEVELOPER_FRAMEWORKS_DIR)",
				);
				GCC_PRECOMPILE_PREFIX_HEADER = YES;
				GCC_PREFIX_HEADER = "overlay/overlay-Prefix.pch";
				GCC_PREPROCESSOR_DEFINITIONS = (
					"DEBUG=1",
					"$(inherited)",
				);
				INFOPLIST_FILE = "overlayTests/overlayTests-Info.plist";
				PRODUCT_NAME = "$(TARGET_NAME)";
				TEST_HOST = "$(BUNDLE_LOADER)";
				WRAPPER_EXTENSION = xctest;
			};
			name = Debug;
		};
		8CDEC92C18AF34AB00EBBCD3 /* Release */ = {
			isa = XCBuildConfiguration;
			buildSettings = {
				ARCHS = "$(ARCHS_STANDARD_INCLUDING_64_BIT)";
				BUNDLE_LOADER = "$(BUILT_PRODUCTS_DIR)/overlay.app/overlay";
				FRAMEWORK_SEARCH_PATHS = (
					"$(SDKROOT)/Developer/Library/Frameworks",
					"$(inherited)",
					"$(DEVELOPER_FRAMEWORKS_DIR)",
				);
				GCC_PRECOMPILE_PREFIX_HEADER = YES;
				GCC_PREFIX_HEADER = "overlay/overlay-Prefix.pch";
				INFOPLIST_FILE = "overlayTests/overlayTests-Info.plist";
				PRODUCT_NAME = "$(TARGET_NAME)";
				TEST_HOST = "$(BUNDLE_LOADER)";
				WRAPPER_EXTENSION = xctest;
			};
			name = Release;
		};
/* End XCBuildConfiguration section */

/* Begin XCConfigurationList section */
		8CDEC8F018AF34AB00EBBCD3 /* Build configuration list for PBXProject "overlay" */ = {
			isa = XCConfigurationList;
			buildConfigurations = (
				8CDEC92518AF34AB00EBBCD3 /* Debug */,
				8CDEC92618AF34AB00EBBCD3 /* Release */,
			);
			defaultConfigurationIsVisible = 0;
			defaultConfigurationName = Release;
		};
		8CDEC92718AF34AB00EBBCD3 /* Build configuration list for PBXNativeTarget "overlay" */ = {
			isa = XCConfigurationList;
			buildConfigurations = (
				8CDEC92818AF34AB00EBBCD3 /* Debug */,
				8CDEC92918AF34AB00EBBCD3 /* Release */,
			);
			defaultConfigurationIsVisible = 0;
			defaultConfigurationName = Release;
		};
		8CDEC92A18AF34AB00EBBCD3 /* Build configuration list for PBXNativeTarget "overlayTests" */ = {
			isa = XCConfigurationList;
			buildConfigurations = (
				8CDEC92B18AF34AB00EBBCD3 /* Debug */,
				8CDEC92C18AF34AB00EBBCD3 /* Release */,
			);
			defaultConfigurationIsVisible = 0;
			defaultConfigurationName = Release;
		};
/* End XCConfigurationList section */
	};
	rootObject = 8CDEC8ED18AF34AB00EBBCD3 /* Project object */;
}
